
Microsoft Visual Studio Solution File, Format Version 12.00
# Visual Studio Version 17
VisualStudioVersion = 17.6.33712.159
MinimumVisualStudioVersion = 10.0.40219.1
Project("{FAE04EC0-301F-11D3-BF4B-00C04F79EFBC}") = "Data Structure", "Data Structure\Data Structure.csproj", "{BA1AEE80-C021-458F-9FCB-F5E90BCA1F8B}"
EndProject
Global
	GlobalSection(SolutionConfigurationPlatforms) = preSolution
		Debug|Any CPU = Debug|Any CPU
		Release|Any CPU = Release|Any CPU
	EndGlobalSection
	GlobalSection(ProjectConfigurationPlatforms) = postSolution
		{BA1AEE80-C021-458F-9FCB-F5E90BCA1F8B}.Debug|Any CPU.ActiveCfg = Debug|Any CPU
		{BA1AEE80-C021-458F-9FCB-F5E90BCA1F8B}.Debug|Any CPU.Build.0 = Debug|Any CPU
		{BA1AEE80-C021-458F-9FCB-F5E90BCA1F8B}.Release|Any CPU.ActiveCfg = Release|Any CPU
		{BA1AEE80-C021-458F-9FCB-F5E90BCA1F8B}.Release|Any CPU.Build.0 = Release|Any CPU
	EndGlobalSection
	GlobalSection(SolutionProperties) = preSolution
		HideSolutionNode = FALSE
	EndGlobalSection
	GlobalSection(ExtensibilityGlobals) = postSolution
		SolutionGuid = {60AD4D3B-C7EA-4C99-A20E-A94CB721636D}
	EndGlobalSection
EndGlobal
